// !$*UTF8*$!
{
	archiveVersion = 1;
	classes = {
	};
	objectVersion = 46;
	objects = {

/* Begin PBXBuildFile section */
		D07B2DAD1799B88B0042CE86 /* UIKit.framework in Frameworks */ = {isa = PBXBuildFile; fileRef = D07B2DAC1799B88B0042CE86 /* UIKit.framework */; };
		D07B2DAF1799B88B0042CE86 /* Foundation.framework in Frameworks */ = {isa = PBXBuildFile; fileRef = D07B2DAE1799B88B0042CE86 /* Foundation.framework */; };
		D07B2DB11799B88B0042CE86 /* CoreGraphics.framework in Frameworks */ = {isa = PBXBuildFile; fileRef = D07B2DB01799B88B0042CE86 /* CoreGraphics.framework */; };
		D07B2DB71799B88B0042CE86 /* InfoPlist.strings in Resources */ = {isa = PBXBuildFile; fileRef = D07B2DB51799B88B0042CE86 /* InfoPlist.strings */; };
		D07B2DB91799B88B0042CE86 /* main.m in Sources */ = {isa = PBXBuildFile; fileRef = D07B2DB81799B88B0042CE86 /* main.m */; };
		D07B2DBD1799B88B0042CE86 /* tripifyAppDelegate.m in Sources */ = {isa = PBXBuildFile; fileRef = D07B2DBC1799B88B0042CE86 /* tripifyAppDelegate.m */; };
		D07B2DBF1799B88B0042CE86 /* Default.png in Resources */ = {isa = PBXBuildFile; fileRef = D07B2DBE1799B88B0042CE86 /* Default.png */; };
		D07B2DC11799B88B0042CE86 /* Default@2x.png in Resources */ = {isa = PBXBuildFile; fileRef = D07B2DC01799B88B0042CE86 /* Default@2x.png */; };
		D07B2DC31799B88B0042CE86 /* Default-568h@2x.png in Resources */ = {isa = PBXBuildFile; fileRef = D07B2DC21799B88B0042CE86 /* Default-568h@2x.png */; };
		D07B2DCB1799B88B0042CE86 /* SenTestingKit.framework in Frameworks */ = {isa = PBXBuildFile; fileRef = D07B2DCA1799B88B0042CE86 /* SenTestingKit.framework */; };
		D07B2DCC1799B88B0042CE86 /* UIKit.framework in Frameworks */ = {isa = PBXBuildFile; fileRef = D07B2DAC1799B88B0042CE86 /* UIKit.framework */; };
		D07B2DCD1799B88B0042CE86 /* Foundation.framework in Frameworks */ = {isa = PBXBuildFile; fileRef = D07B2DAE1799B88B0042CE86 /* Foundation.framework */; };
		D07B2DD51799B88B0042CE86 /* InfoPlist.strings in Resources */ = {isa = PBXBuildFile; fileRef = D07B2DD31799B88B0042CE86 /* InfoPlist.strings */; };
		D07B2DD81799B88B0042CE86 /* tripifyTests.m in Sources */ = {isa = PBXBuildFile; fileRef = D07B2DD71799B88B0042CE86 /* tripifyTests.m */; };
		D07B2DE91799B9040042CE86 /* tripifyViewController.m in Sources */ = {isa = PBXBuildFile; fileRef = D07B2DE81799B9040042CE86 /* tripifyViewController.m */; };
		D07B2DEB1799BC520042CE86 /* navbar@2x.png in Resources */ = {isa = PBXBuildFile; fileRef = D07B2DEA1799BC520042CE86 /* navbar@2x.png */; };
		D07B2E001799C0150042CE86 /* AFHTTPClient.m in Sources */ = {isa = PBXBuildFile; fileRef = D07B2DEE1799C0150042CE86 /* AFHTTPClient.m */; };
		D07B2E011799C0150042CE86 /* AFHTTPRequestOperation.m in Sources */ = {isa = PBXBuildFile; fileRef = D07B2DF01799C0150042CE86 /* AFHTTPRequestOperation.m */; };
		D07B2E021799C0150042CE86 /* AFImageRequestOperation.m in Sources */ = {isa = PBXBuildFile; fileRef = D07B2DF21799C0150042CE86 /* AFImageRequestOperation.m */; };
		D07B2E031799C0150042CE86 /* AFJSONRequestOperation.m in Sources */ = {isa = PBXBuildFile; fileRef = D07B2DF41799C0150042CE86 /* AFJSONRequestOperation.m */; };
		D07B2E041799C0150042CE86 /* AFNetworkActivityIndicatorManager.m in Sources */ = {isa = PBXBuildFile; fileRef = D07B2DF61799C0150042CE86 /* AFNetworkActivityIndicatorManager.m */; };
		D07B2E051799C0150042CE86 /* AFPropertyListRequestOperation.m in Sources */ = {isa = PBXBuildFile; fileRef = D07B2DF91799C0150042CE86 /* AFPropertyListRequestOperation.m */; };
		D07B2E061799C0150042CE86 /* AFURLConnectionOperation.m in Sources */ = {isa = PBXBuildFile; fileRef = D07B2DFB1799C0150042CE86 /* AFURLConnectionOperation.m */; };
		D07B2E071799C0150042CE86 /* AFXMLRequestOperation.m in Sources */ = {isa = PBXBuildFile; fileRef = D07B2DFD1799C0150042CE86 /* AFXMLRequestOperation.m */; };
		D07B2E081799C0150042CE86 /* UIImageView+AFNetworking.m in Sources */ = {isa = PBXBuildFile; fileRef = D07B2DFF1799C0150042CE86 /* UIImageView+AFNetworking.m */; };
		D07B2E0B1799C0FD0042CE86 /* tripify.m in Sources */ = {isa = PBXBuildFile; fileRef = D07B2E0A1799C0FD0042CE86 /* tripify.m */; };
		D07B2E121799E77C0042CE86 /* dealsJSON.m in Sources */ = {isa = PBXBuildFile; fileRef = D07B2E111799E77C0042CE86 /* dealsJSON.m */; };
		D07B2E141799F10A0042CE86 /* MobileCoreServices.framework in Frameworks */ = {isa = PBXBuildFile; fileRef = D07B2E131799F10A0042CE86 /* MobileCoreServices.framework */; };
		D07B2E161799F11D0042CE86 /* SystemConfiguration.framework in Frameworks */ = {isa = PBXBuildFile; fileRef = D07B2E151799F11D0042CE86 /* SystemConfiguration.framework */; };
		D07B2E181799F15D0042CE86 /* .gitignore in Resources */ = {isa = PBXBuildFile; fileRef = D07B2E171799F15D0042CE86 /* .gitignore */; };
		D07B2E1C1799F6A20042CE86 /* tripifyCell.m in Sources */ = {isa = PBXBuildFile; fileRef = D07B2E1B1799F6A20042CE86 /* tripifyCell.m */; };
		D07B2E1E1799FE7D0042CE86 /* container@2x.png in Resources */ = {isa = PBXBuildFile; fileRef = D07B2E1D1799FE7D0042CE86 /* container@2x.png */; };
		D07B2E20179A03410042CE86 /* QuartzCore.framework in Frameworks */ = {isa = PBXBuildFile; fileRef = D07B2E1F179A03410042CE86 /* QuartzCore.framework */; };
/* End PBXBuildFile section */

/* Begin PBXContainerItemProxy section */
		D07B2DCE1799B88B0042CE86 /* PBXContainerItemProxy */ = {
			isa = PBXContainerItemProxy;
			containerPortal = D07B2DA11799B88B0042CE86 /* Project object */;
			proxyType = 1;
			remoteGlobalIDString = D07B2DA81799B88B0042CE86;
			remoteInfo = tripify;
		};
/* End PBXContainerItemProxy section */

/* Begin PBXFileReference section */
		D07B2DA91799B88B0042CE86 /* tripify.app */ = {isa = PBXFileReference; explicitFileType = wrapper.application; includeInIndex = 0; path = tripify.app; sourceTree = BUILT_PRODUCTS_DIR; };
		D07B2DAC1799B88B0042CE86 /* UIKit.framework */ = {isa = PBXFileReference; lastKnownFileType = wrapper.framework; name = UIKit.framework; path = System/Library/Frameworks/UIKit.framework; sourceTree = SDKROOT; };
		D07B2DAE1799B88B0042CE86 /* Foundation.framework */ = {isa = PBXFileReference; lastKnownFileType = wrapper.framework; name = Foundation.framework; path = System/Library/Frameworks/Foundation.framework; sourceTree = SDKROOT; };
		D07B2DB01799B88B0042CE86 /* CoreGraphics.framework */ = {isa = PBXFileReference; lastKnownFileType = wrapper.framework; name = CoreGraphics.framework; path = System/Library/Frameworks/CoreGraphics.framework; sourceTree = SDKROOT; };
		D07B2DB41799B88B0042CE86 /* tripify-Info.plist */ = {isa = PBXFileReference; lastKnownFileType = text.plist.xml; path = "tripify-Info.plist"; sourceTree = "<group>"; };
		D07B2DB61799B88B0042CE86 /* en */ = {isa = PBXFileReference; lastKnownFileType = text.plist.strings; name = en; path = en.lproj/InfoPlist.strings; sourceTree = "<group>"; };
		D07B2DB81799B88B0042CE86 /* main.m */ = {isa = PBXFileReference; lastKnownFileType = sourcecode.c.objc; path = main.m; sourceTree = "<group>"; };
		D07B2DBA1799B88B0042CE86 /* tripify-Prefix.pch */ = {isa = PBXFileReference; lastKnownFileType = sourcecode.c.h; path = "tripify-Prefix.pch"; sourceTree = "<group>"; };
		D07B2DBB1799B88B0042CE86 /* tripifyAppDelegate.h */ = {isa = PBXFileReference; lastKnownFileType = sourcecode.c.h; path = tripifyAppDelegate.h; sourceTree = "<group>"; };
		D07B2DBC1799B88B0042CE86 /* tripifyAppDelegate.m */ = {isa = PBXFileReference; lastKnownFileType = sourcecode.c.objc; path = tripifyAppDelegate.m; sourceTree = "<group>"; };
		D07B2DBE1799B88B0042CE86 /* Default.png */ = {isa = PBXFileReference; lastKnownFileType = image.png; path = Default.png; sourceTree = "<group>"; };
		D07B2DC01799B88B0042CE86 /* Default@2x.png */ = {isa = PBXFileReference; lastKnownFileType = image.png; path = "Default@2x.png"; sourceTree = "<group>"; };
		D07B2DC21799B88B0042CE86 /* Default-568h@2x.png */ = {isa = PBXFileReference; lastKnownFileType = image.png; path = "Default-568h@2x.png"; sourceTree = "<group>"; };
		D07B2DC91799B88B0042CE86 /* tripifyTests.octest */ = {isa = PBXFileReference; explicitFileType = wrapper.cfbundle; includeInIndex = 0; path = tripifyTests.octest; sourceTree = BUILT_PRODUCTS_DIR; };
		D07B2DCA1799B88B0042CE86 /* SenTestingKit.framework */ = {isa = PBXFileReference; lastKnownFileType = wrapper.framework; name = SenTestingKit.framework; path = Library/Frameworks/SenTestingKit.framework; sourceTree = DEVELOPER_DIR; };
		D07B2DD21799B88B0042CE86 /* tripifyTests-Info.plist */ = {isa = PBXFileReference; lastKnownFileType = text.plist.xml; path = "tripifyTests-Info.plist"; sourceTree = "<group>"; };
		D07B2DD41799B88B0042CE86 /* en */ = {isa = PBXFileReference; lastKnownFileType = text.plist.strings; name = en; path = en.lproj/InfoPlist.strings; sourceTree = "<group>"; };
		D07B2DD61799B88B0042CE86 /* tripifyTests.h */ = {isa = PBXFileReference; lastKnownFileType = sourcecode.c.h; path = tripifyTests.h; sourceTree = "<group>"; };
		D07B2DD71799B88B0042CE86 /* tripifyTests.m */ = {isa = PBXFileReference; lastKnownFileType = sourcecode.c.objc; path = tripifyTests.m; sourceTree = "<group>"; };
		D07B2DE71799B9040042CE86 /* tripifyViewController.h */ = {isa = PBXFileReference; fileEncoding = 4; lastKnownFileType = sourcecode.c.h; path = tripifyViewController.h; sourceTree = "<group>"; };
		D07B2DE81799B9040042CE86 /* tripifyViewController.m */ = {isa = PBXFileReference; fileEncoding = 4; lastKnownFileType = sourcecode.c.objc; path = tripifyViewController.m; sourceTree = "<group>"; };
		D07B2DEA1799BC520042CE86 /* navbar@2x.png */ = {isa = PBXFileReference; lastKnownFileType = image.png; path = "navbar@2x.png"; sourceTree = "<group>"; };
		D07B2DED1799C0150042CE86 /* AFHTTPClient.h */ = {isa = PBXFileReference; fileEncoding = 4; lastKnownFileType = sourcecode.c.h; path = AFHTTPClient.h; sourceTree = "<group>"; };
		D07B2DEE1799C0150042CE86 /* AFHTTPClient.m */ = {isa = PBXFileReference; fileEncoding = 4; lastKnownFileType = sourcecode.c.objc; path = AFHTTPClient.m; sourceTree = "<group>"; };
		D07B2DEF1799C0150042CE86 /* AFHTTPRequestOperation.h */ = {isa = PBXFileReference; fileEncoding = 4; lastKnownFileType = sourcecode.c.h; path = AFHTTPRequestOperation.h; sourceTree = "<group>"; };
		D07B2DF01799C0150042CE86 /* AFHTTPRequestOperation.m */ = {isa = PBXFileReference; fileEncoding = 4; lastKnownFileType = sourcecode.c.objc; path = AFHTTPRequestOperation.m; sourceTree = "<group>"; };
		D07B2DF11799C0150042CE86 /* AFImageRequestOperation.h */ = {isa = PBXFileReference; fileEncoding = 4; lastKnownFileType = sourcecode.c.h; path = AFImageRequestOperation.h; sourceTree = "<group>"; };
		D07B2DF21799C0150042CE86 /* AFImageRequestOperation.m */ = {isa = PBXFileReference; fileEncoding = 4; lastKnownFileType = sourcecode.c.objc; path = AFImageRequestOperation.m; sourceTree = "<group>"; };
		D07B2DF31799C0150042CE86 /* AFJSONRequestOperation.h */ = {isa = PBXFileReference; fileEncoding = 4; lastKnownFileType = sourcecode.c.h; path = AFJSONRequestOperation.h; sourceTree = "<group>"; };
		D07B2DF41799C0150042CE86 /* AFJSONRequestOperation.m */ = {isa = PBXFileReference; fileEncoding = 4; lastKnownFileType = sourcecode.c.objc; path = AFJSONRequestOperation.m; sourceTree = "<group>"; };
		D07B2DF51799C0150042CE86 /* AFNetworkActivityIndicatorManager.h */ = {isa = PBXFileReference; fileEncoding = 4; lastKnownFileType = sourcecode.c.h; path = AFNetworkActivityIndicatorManager.h; sourceTree = "<group>"; };
		D07B2DF61799C0150042CE86 /* AFNetworkActivityIndicatorManager.m */ = {isa = PBXFileReference; fileEncoding = 4; lastKnownFileType = sourcecode.c.objc; path = AFNetworkActivityIndicatorManager.m; sourceTree = "<group>"; };
		D07B2DF71799C0150042CE86 /* AFNetworking.h */ = {isa = PBXFileReference; fileEncoding = 4; lastKnownFileType = sourcecode.c.h; path = AFNetworking.h; sourceTree = "<group>"; };
		D07B2DF81799C0150042CE86 /* AFPropertyListRequestOperation.h */ = {isa = PBXFileReference; fileEncoding = 4; lastKnownFileType = sourcecode.c.h; path = AFPropertyListRequestOperation.h; sourceTree = "<group>"; };
		D07B2DF91799C0150042CE86 /* AFPropertyListRequestOperation.m */ = {isa = PBXFileReference; fileEncoding = 4; lastKnownFileType = sourcecode.c.objc; path = AFPropertyListRequestOperation.m; sourceTree = "<group>"; };
		D07B2DFA1799C0150042CE86 /* AFURLConnectionOperation.h */ = {isa = PBXFileReference; fileEncoding = 4; lastKnownFileType = sourcecode.c.h; path = AFURLConnectionOperation.h; sourceTree = "<group>"; };
		D07B2DFB1799C0150042CE86 /* AFURLConnectionOperation.m */ = {isa = PBXFileReference; fileEncoding = 4; lastKnownFileType = sourcecode.c.objc; path = AFURLConnectionOperation.m; sourceTree = "<group>"; };
		D07B2DFC1799C0150042CE86 /* AFXMLRequestOperation.h */ = {isa = PBXFileReference; fileEncoding = 4; lastKnownFileType = sourcecode.c.h; path = AFXMLRequestOperation.h; sourceTree = "<group>"; };
		D07B2DFD1799C0150042CE86 /* AFXMLRequestOperation.m */ = {isa = PBXFileReference; fileEncoding = 4; lastKnownFileType = sourcecode.c.objc; path = AFXMLRequestOperation.m; sourceTree = "<group>"; };
		D07B2DFE1799C0150042CE86 /* UIImageView+AFNetworking.h */ = {isa = PBXFileReference; fileEncoding = 4; lastKnownFileType = sourcecode.c.h; path = "UIImageView+AFNetworking.h"; sourceTree = "<group>"; };
		D07B2DFF1799C0150042CE86 /* UIImageView+AFNetworking.m */ = {isa = PBXFileReference; fileEncoding = 4; lastKnownFileType = sourcecode.c.objc; path = "UIImageView+AFNetworking.m"; sourceTree = "<group>"; };
		D07B2E091799C0FD0042CE86 /* tripify.h */ = {isa = PBXFileReference; fileEncoding = 4; lastKnownFileType = sourcecode.c.h; path = tripify.h; sourceTree = "<group>"; };
		D07B2E0A1799C0FD0042CE86 /* tripify.m */ = {isa = PBXFileReference; fileEncoding = 4; lastKnownFileType = sourcecode.c.objc; path = tripify.m; sourceTree = "<group>"; };
		D07B2E101799E77C0042CE86 /* dealsJSON.h */ = {isa = PBXFileReference; fileEncoding = 4; lastKnownFileType = sourcecode.c.h; path = dealsJSON.h; sourceTree = "<group>"; };
		D07B2E111799E77C0042CE86 /* dealsJSON.m */ = {isa = PBXFileReference; fileEncoding = 4; lastKnownFileType = sourcecode.c.objc; path = dealsJSON.m; sourceTree = "<group>"; };
		D07B2E131799F10A0042CE86 /* MobileCoreServices.framework */ = {isa = PBXFileReference; lastKnownFileType = wrapper.framework; name = MobileCoreServices.framework; path = System/Library/Frameworks/MobileCoreServices.framework; sourceTree = SDKROOT; };
		D07B2E151799F11D0042CE86 /* SystemConfiguration.framework */ = {isa = PBXFileReference; lastKnownFileType = wrapper.framework; name = SystemConfiguration.framework; path = System/Library/Frameworks/SystemConfiguration.framework; sourceTree = SDKROOT; };
		D07B2E171799F15D0042CE86 /* .gitignore */ = {isa = PBXFileReference; fileEncoding = 4; lastKnownFileType = text; path = .gitignore; sourceTree = "<group>"; };
		D07B2E1A1799F6A20042CE86 /* tripifyCell.h */ = {isa = PBXFileReference; fileEncoding = 4; lastKnownFileType = sourcecode.c.h; path = tripifyCell.h; sourceTree = "<group>"; };
		D07B2E1B1799F6A20042CE86 /* tripifyCell.m */ = {isa = PBXFileReference; fileEncoding = 4; lastKnownFileType = sourcecode.c.objc; path = tripifyCell.m; sourceTree = "<group>"; };
		D07B2E1D1799FE7D0042CE86 /* container@2x.png */ = {isa = PBXFileReference; lastKnownFileType = image.png; path = "container@2x.png"; sourceTree = "<group>"; };
		D07B2E1F179A03410042CE86 /* QuartzCore.framework */ = {isa = PBXFileReference; lastKnownFileType = wrapper.framework; name = QuartzCore.framework; path = System/Library/Frameworks/QuartzCore.framework; sourceTree = SDKROOT; };
/* End PBXFileReference section */

/* Begin PBXFrameworksBuildPhase section */
		D07B2DA61799B88B0042CE86 /* Frameworks */ = {
			isa = PBXFrameworksBuildPhase;
			buildActionMask = 2147483647;
			files = (
				D07B2E20179A03410042CE86 /* QuartzCore.framework in Frameworks */,
				D07B2E161799F11D0042CE86 /* SystemConfiguration.framework in Frameworks */,
				D07B2E141799F10A0042CE86 /* MobileCoreServices.framework in Frameworks */,
				D07B2DAD1799B88B0042CE86 /* UIKit.framework in Frameworks */,
				D07B2DAF1799B88B0042CE86 /* Foundation.framework in Frameworks */,
				D07B2DB11799B88B0042CE86 /* CoreGraphics.framework in Frameworks */,
			);
			runOnlyForDeploymentPostprocessing = 0;
		};
		D07B2DC51799B88B0042CE86 /* Frameworks */ = {
			isa = PBXFrameworksBuildPhase;
			buildActionMask = 2147483647;
			files = (
				D07B2DCB1799B88B0042CE86 /* SenTestingKit.framework in Frameworks */,
				D07B2DCC1799B88B0042CE86 /* UIKit.framework in Frameworks */,
				D07B2DCD1799B88B0042CE86 /* Foundation.framework in Frameworks */,
			);
			runOnlyForDeploymentPostprocessing = 0;
		};
/* End PBXFrameworksBuildPhase section */

/* Begin PBXGroup section */
		D07B2DA01799B88B0042CE86 = {
			isa = PBXGroup;
			children = (
				D07B2E1F179A03410042CE86 /* QuartzCore.framework */,
				D07B2E171799F15D0042CE86 /* .gitignore */,
				D07B2E151799F11D0042CE86 /* SystemConfiguration.framework */,
				D07B2E131799F10A0042CE86 /* MobileCoreServices.framework */,
				D07B2DB21799B88B0042CE86 /* tripify */,
				D07B2DD01799B88B0042CE86 /* tripifyTests */,
				D07B2DAB1799B88B0042CE86 /* Frameworks */,
				D07B2DAA1799B88B0042CE86 /* Products */,
			);
			sourceTree = "<group>";
		};
		D07B2DAA1799B88B0042CE86 /* Products */ = {
			isa = PBXGroup;
			children = (
				D07B2DA91799B88B0042CE86 /* tripify.app */,
				D07B2DC91799B88B0042CE86 /* tripifyTests.octest */,
			);
			name = Products;
			sourceTree = "<group>";
		};
		D07B2DAB1799B88B0042CE86 /* Frameworks */ = {
			isa = PBXGroup;
			children = (
				D07B2DAC1799B88B0042CE86 /* UIKit.framework */,
				D07B2DAE1799B88B0042CE86 /* Foundation.framework */,
				D07B2DB01799B88B0042CE86 /* CoreGraphics.framework */,
				D07B2DCA1799B88B0042CE86 /* SenTestingKit.framework */,
			);
			name = Frameworks;
			sourceTree = "<group>";
		};
		D07B2DB21799B88B0042CE86 /* tripify */ = {
			isa = PBXGroup;
			children = (
				D07B2DE11799B8CF0042CE86 /* library */,
				D07B2DE41799B8CF0042CE86 /* model */,
				D07B2DE51799B8CF0042CE86 /* view */,
				D07B2DBB1799B88B0042CE86 /* tripifyAppDelegate.h */,
				D07B2DBC1799B88B0042CE86 /* tripifyAppDelegate.m */,
				D07B2DB31799B88B0042CE86 /* Supporting Files */,
			);
			path = tripify;
			sourceTree = "<group>";
		};
		D07B2DB31799B88B0042CE86 /* Supporting Files */ = {
			isa = PBXGroup;
			children = (
				D07B2DB41799B88B0042CE86 /* tripify-Info.plist */,
				D07B2DB51799B88B0042CE86 /* InfoPlist.strings */,
				D07B2DB81799B88B0042CE86 /* main.m */,
				D07B2DBA1799B88B0042CE86 /* tripify-Prefix.pch */,
				D07B2DBE1799B88B0042CE86 /* Default.png */,
				D07B2DC01799B88B0042CE86 /* Default@2x.png */,
				D07B2DC21799B88B0042CE86 /* Default-568h@2x.png */,
			);
			name = "Supporting Files";
			sourceTree = "<group>";
		};
		D07B2DD01799B88B0042CE86 /* tripifyTests */ = {
			isa = PBXGroup;
			children = (
				D07B2DD61799B88B0042CE86 /* tripifyTests.h */,
				D07B2DD71799B88B0042CE86 /* tripifyTests.m */,
				D07B2DD11799B88B0042CE86 /* Supporting Files */,
			);
			path = tripifyTests;
			sourceTree = "<group>";
		};
		D07B2DD11799B88B0042CE86 /* Supporting Files */ = {
			isa = PBXGroup;
			children = (
				D07B2DD21799B88B0042CE86 /* tripifyTests-Info.plist */,
				D07B2DD31799B88B0042CE86 /* InfoPlist.strings */,
			);
			name = "Supporting Files";
			sourceTree = "<group>";
		};
		D07B2DE11799B8CF0042CE86 /* library */ = {
			isa = PBXGroup;
			children = (
				D07B2DEC1799C0150042CE86 /* AFNetworking */,
				D07B2DE21799B8CF0042CE86 /* common */,
				D07B2DE31799B8CF0042CE86 /* image */,
			);
			path = library;
			sourceTree = "<group>";
		};
		D07B2DE21799B8CF0042CE86 /* common */ = {
			isa = PBXGroup;
			children = (
				D07B2E091799C0FD0042CE86 /* tripify.h */,
				D07B2E0A1799C0FD0042CE86 /* tripify.m */,
			);
			path = common;
			sourceTree = "<group>";
		};
		D07B2DE31799B8CF0042CE86 /* image */ = {
			isa = PBXGroup;
			children = (
				D07B2E1D1799FE7D0042CE86 /* container@2x.png */,
				D07B2DEA1799BC520042CE86 /* navbar@2x.png */,
			);
			path = image;
			sourceTree = "<group>";
		};
		D07B2DE41799B8CF0042CE86 /* model */ = {
			isa = PBXGroup;
			children = (
				D07B2E0F1799E77C0042CE86 /* deals */,
			);
			path = model;
			sourceTree = "<group>";
		};
		D07B2DE51799B8CF0042CE86 /* view */ = {
			isa = PBXGroup;
			children = (
				D07B2DE61799B8E40042CE86 /* center */,
			);
			path = view;
			sourceTree = "<group>";
		};
		D07B2DE61799B8E40042CE86 /* center */ = {
			isa = PBXGroup;
			children = (
				D07B2E191799F68E0042CE86 /* cell */,
				D07B2DE71799B9040042CE86 /* tripifyViewController.h */,
				D07B2DE81799B9040042CE86 /* tripifyViewController.m */,
			);
			path = center;
			sourceTree = "<group>";
		};
		D07B2DEC1799C0150042CE86 /* AFNetworking */ = {
			isa = PBXGroup;
			children = (
				D07B2DED1799C0150042CE86 /* AFHTTPClient.h */,
				D07B2DEE1799C0150042CE86 /* AFHTTPClient.m */,
				D07B2DEF1799C0150042CE86 /* AFHTTPRequestOperation.h */,
				D07B2DF01799C0150042CE86 /* AFHTTPRequestOperation.m */,
				D07B2DF11799C0150042CE86 /* AFImageRequestOperation.h */,
				D07B2DF21799C0150042CE86 /* AFImageRequestOperation.m */,
				D07B2DF31799C0150042CE86 /* AFJSONRequestOperation.h */,
				D07B2DF41799C0150042CE86 /* AFJSONRequestOperation.m */,
				D07B2DF51799C0150042CE86 /* AFNetworkActivityIndicatorManager.h */,
				D07B2DF61799C0150042CE86 /* AFNetworkActivityIndicatorManager.m */,
				D07B2DF71799C0150042CE86 /* AFNetworking.h */,
				D07B2DF81799C0150042CE86 /* AFPropertyListRequestOperation.h */,
				D07B2DF91799C0150042CE86 /* AFPropertyListRequestOperation.m */,
				D07B2DFA1799C0150042CE86 /* AFURLConnectionOperation.h */,
				D07B2DFB1799C0150042CE86 /* AFURLConnectionOperation.m */,
				D07B2DFC1799C0150042CE86 /* AFXMLRequestOperation.h */,
				D07B2DFD1799C0150042CE86 /* AFXMLRequestOperation.m */,
				D07B2DFE1799C0150042CE86 /* UIImageView+AFNetworking.h */,
				D07B2DFF1799C0150042CE86 /* UIImageView+AFNetworking.m */,
			);
			path = AFNetworking;
			sourceTree = "<group>";
		};
		D07B2E0F1799E77C0042CE86 /* deals */ = {
			isa = PBXGroup;
			children = (
				D07B2E101799E77C0042CE86 /* dealsJSON.h */,
				D07B2E111799E77C0042CE86 /* dealsJSON.m */,
			);
			path = deals;
			sourceTree = "<group>";
		};
		D07B2E191799F68E0042CE86 /* cell */ = {
			isa = PBXGroup;
			children = (
				D07B2E1A1799F6A20042CE86 /* tripifyCell.h */,
				D07B2E1B1799F6A20042CE86 /* tripifyCell.m */,
			);
			path = cell;
			sourceTree = "<group>";
		};
/* End PBXGroup section */

/* Begin PBXNativeTarget section */
		D07B2DA81799B88B0042CE86 /* tripify */ = {
			isa = PBXNativeTarget;
			buildConfigurationList = D07B2DDB1799B88B0042CE86 /* Build configuration list for PBXNativeTarget "tripify" */;
			buildPhases = (
				D07B2DA51799B88B0042CE86 /* Sources */,
				D07B2DA61799B88B0042CE86 /* Frameworks */,
				D07B2DA71799B88B0042CE86 /* Resources */,
			);
			buildRules = (
			);
			dependencies = (
			);
			name = tripify;
			productName = tripify;
			productReference = D07B2DA91799B88B0042CE86 /* tripify.app */;
			productType = "com.apple.product-type.application";
		};
		D07B2DC81799B88B0042CE86 /* tripifyTests */ = {
			isa = PBXNativeTarget;
			buildConfigurationList = D07B2DDE1799B88B0042CE86 /* Build configuration list for PBXNativeTarget "tripifyTests" */;
			buildPhases = (
				D07B2DC41799B88B0042CE86 /* Sources */,
				D07B2DC51799B88B0042CE86 /* Frameworks */,
				D07B2DC61799B88B0042CE86 /* Resources */,
				D07B2DC71799B88B0042CE86 /* ShellScript */,
			);
			buildRules = (
			);
			dependencies = (
				D07B2DCF1799B88B0042CE86 /* PBXTargetDependency */,
			);
			name = tripifyTests;
			productName = tripifyTests;
			productReference = D07B2DC91799B88B0042CE86 /* tripifyTests.octest */;
			productType = "com.apple.product-type.bundle";
		};
/* End PBXNativeTarget section */

/* Begin PBXProject section */
		D07B2DA11799B88B0042CE86 /* Project object */ = {
			isa = PBXProject;
			attributes = {
				CLASSPREFIX = tripify;
				LastUpgradeCheck = 0460;
				ORGANIZATIONNAME = netra;
			};
			buildConfigurationList = D07B2DA41799B88B0042CE86 /* Build configuration list for PBXProject "tripify" */;
			compatibilityVersion = "Xcode 3.2";
			developmentRegion = English;
			hasScannedForEncodings = 0;
			knownRegions = (
				en,
			);
			mainGroup = D07B2DA01799B88B0042CE86;
			productRefGroup = D07B2DAA1799B88B0042CE86 /* Products */;
			projectDirPath = "";
			projectRoot = "";
			targets = (
				D07B2DA81799B88B0042CE86 /* tripify */,
				D07B2DC81799B88B0042CE86 /* tripifyTests */,
			);
		};
/* End PBXProject section */

/* Begin PBXResourcesBuildPhase section */
		D07B2DA71799B88B0042CE86 /* Resources */ = {
			isa = PBXResourcesBuildPhase;
			buildActionMask = 2147483647;
			files = (
				D07B2DB71799B88B0042CE86 /* InfoPlist.strings in Resources */,
				D07B2DBF1799B88B0042CE86 /* Default.png in Resources */,
				D07B2DC11799B88B0042CE86 /* Default@2x.png in Resources */,
				D07B2DC31799B88B0042CE86 /* Default-568h@2x.png in Resources */,
				D07B2DEB1799BC520042CE86 /* navbar@2x.png in Resources */,
				D07B2E181799F15D0042CE86 /* .gitignore in Resources */,
				D07B2E1E1799FE7D0042CE86 /* container@2x.png in Resources */,
			);
			runOnlyForDeploymentPostprocessing = 0;
		};
		D07B2DC61799B88B0042CE86 /* Resources */ = {
			isa = PBXResourcesBuildPhase;
			buildActionMask = 2147483647;
			files = (
				D07B2DD51799B88B0042CE86 /* InfoPlist.strings in Resources */,
			);
			runOnlyForDeploymentPostprocessing = 0;
		};
/* End PBXResourcesBuildPhase section */

/* Begin PBXShellScriptBuildPhase section */
		D07B2DC71799B88B0042CE86 /* ShellScript */ = {
			isa = PBXShellScriptBuildPhase;
			buildActionMask = 2147483647;
			files = (
			);
			inputPaths = (
			);
			outputPaths = (
			);
			runOnlyForDeploymentPostprocessing = 0;
			shellPath = /bin/sh;
			shellScript = "# Run the unit tests in this test bundle.\n\"${SYSTEM_DEVELOPER_DIR}/Tools/RunUnitTests\"\n";
		};
/* End PBXShellScriptBuildPhase section */

/* Begin PBXSourcesBuildPhase section */
		D07B2DA51799B88B0042CE86 /* Sources */ = {
			isa = PBXSourcesBuildPhase;
			buildActionMask = 2147483647;
			files = (
				D07B2DB91799B88B0042CE86 /* main.m in Sources */,
				D07B2DBD1799B88B0042CE86 /* tripifyAppDelegate.m in Sources */,
				D07B2DE91799B9040042CE86 /* tripifyViewController.m in Sources */,
				D07B2E001799C0150042CE86 /* AFHTTPClient.m in Sources */,
				D07B2E011799C0150042CE86 /* AFHTTPRequestOperation.m in Sources */,
				D07B2E021799C0150042CE86 /* AFImageRequestOperation.m in Sources */,
				D07B2E031799C0150042CE86 /* AFJSONRequestOperation.m in Sources */,
				D07B2E041799C0150042CE86 /* AFNetworkActivityIndicatorManager.m in Sources */,
				D07B2E051799C0150042CE86 /* AFPropertyListRequestOperation.m in Sources */,
				D07B2E061799C0150042CE86 /* AFURLConnectionOperation.m in Sources */,
				D07B2E071799C0150042CE86 /* AFXMLRequestOperation.m in Sources */,
				D07B2E081799C0150042CE86 /* UIImageView+AFNetworking.m in Sources */,
				D07B2E0B1799C0FD0042CE86 /* tripify.m in Sources */,
				D07B2E121799E77C0042CE86 /* dealsJSON.m in Sources */,
				D07B2E1C1799F6A20042CE86 /* tripifyCell.m in Sources */,
			);
			runOnlyForDeploymentPostprocessing = 0;
		};
		D07B2DC41799B88B0042CE86 /* Sources */ = {
			isa = PBXSourcesBuildPhase;
			buildActionMask = 2147483647;
			files = (
				D07B2DD81799B88B0042CE86 /* tripifyTests.m in Sources */,
			);
			runOnlyForDeploymentPostprocessing = 0;
		};
/* End PBXSourcesBuildPhase section */

/* Begin PBXTargetDependency section */
		D07B2DCF1799B88B0042CE86 /* PBXTargetDependency */ = {
			isa = PBXTargetDependency;
			target = D07B2DA81799B88B0042CE86 /* tripify */;
			targetProxy = D07B2DCE1799B88B0042CE86 /* PBXContainerItemProxy */;
		};
/* End PBXTargetDependency section */

/* Begin PBXVariantGroup section */
		D07B2DB51799B88B0042CE86 /* InfoPlist.strings */ = {
			isa = PBXVariantGroup;
			children = (
				D07B2DB61799B88B0042CE86 /* en */,
			);
			name = InfoPlist.strings;
			sourceTree = "<group>";
		};
		D07B2DD31799B88B0042CE86 /* InfoPlist.strings */ = {
			isa = PBXVariantGroup;
			children = (
				D07B2DD41799B88B0042CE86 /* en */,
			);
			name = InfoPlist.strings;
			sourceTree = "<group>";
		};
/* End PBXVariantGroup section */

/* Begin XCBuildConfiguration section */
		D07B2DD91799B88B0042CE86 /* Debug */ = {
			isa = XCBuildConfiguration;
			buildSettings = {
				ALWAYS_SEARCH_USER_PATHS = NO;
				CLANG_CXX_LANGUAGE_STANDARD = "gnu++0x";
				CLANG_CXX_LIBRARY = "libc++";
				CLANG_ENABLE_OBJC_ARC = YES;
				CLANG_WARN_CONSTANT_CONVERSION = YES;
				CLANG_WARN_EMPTY_BODY = YES;
				CLANG_WARN_ENUM_CONVERSION = YES;
				CLANG_WARN_INT_CONVERSION = YES;
				CLANG_WARN__DUPLICATE_METHOD_MATCH = YES;
				"CODE_SIGN_IDENTITY[sdk=iphoneos*]" = "iPhone Developer";
				COPY_PHASE_STRIP = NO;
				GCC_C_LANGUAGE_STANDARD = gnu99;
				GCC_DYNAMIC_NO_PIC = NO;
				GCC_OPTIMIZATION_LEVEL = 0;
				GCC_PREPROCESSOR_DEFINITIONS = (
					"DEBUG=1",
					"$(inherited)",
				);
				GCC_SYMBOLS_PRIVATE_EXTERN = NO;
				GCC_WARN_ABOUT_RETURN_TYPE = YES;
				GCC_WARN_UNINITIALIZED_AUTOS = YES;
				GCC_WARN_UNUSED_VARIABLE = YES;
				IPHONEOS_DEPLOYMENT_TARGET = 6.1;
				ONLY_ACTIVE_ARCH = YES;
				SDKROOT = iphoneos;
			};
			name = Debug;
		};
		D07B2DDA1799B88B0042CE86 /* Release */ = {
			isa = XCBuildConfiguration;
			buildSettings = {
				ALWAYS_SEARCH_USER_PATHS = NO;
				CLANG_CXX_LANGUAGE_STANDARD = "gnu++0x";
				CLANG_CXX_LIBRARY = "libc++";
				CLANG_ENABLE_OBJC_ARC = YES;
				CLANG_WARN_CONSTANT_CONVERSION = YES;
				CLANG_WARN_EMPTY_BODY = YES;
				CLANG_WARN_ENUM_CONVERSION = YES;
				CLANG_WARN_INT_CONVERSION = YES;
				CLANG_WARN__DUPLICATE_METHOD_MATCH = YES;
				"CODE_SIGN_IDENTITY[sdk=iphoneos*]" = "iPhone Developer";
				COPY_PHASE_STRIP = YES;
				GCC_C_LANGUAGE_STANDARD = gnu99;
				GCC_WARN_ABOUT_RETURN_TYPE = YES;
				GCC_WARN_UNINITIALIZED_AUTOS = YES;
				GCC_WARN_UNUSED_VARIABLE = YES;
				IPHONEOS_DEPLOYMENT_TARGET = 6.1;
				OTHER_CFLAGS = "-DNS_BLOCK_ASSERTIONS=1";
				SDKROOT = iphoneos;
				VALIDATE_PRODUCT = YES;
			};
			name = Release;
		};
		D07B2DDC1799B88B0042CE86 /* Debug */ = {
			isa = XCBuildConfiguration;
			buildSettings = {
				GCC_PRECOMPILE_PREFIX_HEADER = YES;
				GCC_PREFIX_HEADER = "tripify/tripify-Prefix.pch";
				INFOPLIST_FILE = "tripify/tripify-Info.plist";
				PRODUCT_NAME = "$(TARGET_NAME)";
				WRAPPER_EXTENSION = app;
			};
			name = Debug;
		};
		D07B2DDD1799B88B0042CE86 /* Release */ = {
			isa = XCBuildConfiguration;
			buildSettings = {
				GCC_PRECOMPILE_PREFIX_HEADER = YES;
				GCC_PREFIX_HEADER = "tripify/tripify-Prefix.pch";
				INFOPLIST_FILE = "tripify/tripify-Info.plist";
				PRODUCT_NAME = "$(TARGET_NAME)";
				WRAPPER_EXTENSION = app;
			};
			name = Release;
		};
		D07B2DDF1799B88B0042CE86 /* Debug */ = {
			isa = XCBuildConfiguration;
			buildSettings = {
				BUNDLE_LOADER = "$(BUILT_PRODUCTS_DIR)/tripify.app/tripify";
				FRAMEWORK_SEARCH_PATHS = (
					"\"$(SDKROOT)/Developer/Library/Frameworks\"",
					"\"$(DEVELOPER_LIBRARY_DIR)/Frameworks\"",
				);
				GCC_PRECOMPILE_PREFIX_HEADER = YES;
				GCC_PREFIX_HEADER = "tripify/tripify-Prefix.pch";
				INFOPLIST_FILE = "tripifyTests/tripifyTests-Info.plist";
				PRODUCT_NAME = "$(TARGET_NAME)";
				TEST_HOST = "$(BUNDLE_LOADER)";
				WRAPPER_EXTENSION = octest;
			};
			name = Debug;
		};
		D07B2DE01799B88B0042CE86 /* Release */ = {
			isa = XCBuildConfiguration;
			buildSettings = {
				BUNDLE_LOADER = "$(BUILT_PRODUCTS_DIR)/tripify.app/tripify";
				FRAMEWORK_SEARCH_PATHS = (
					"\"$(SDKROOT)/Developer/Library/Frameworks\"",
					"\"$(DEVELOPER_LIBRARY_DIR)/Frameworks\"",
				);
				GCC_PRECOMPILE_PREFIX_HEADER = YES;
				GCC_PREFIX_HEADER = "tripify/tripify-Prefix.pch";
				INFOPLIST_FILE = "tripifyTests/tripifyTests-Info.plist";
				PRODUCT_NAME = "$(TARGET_NAME)";
				TEST_HOST = "$(BUNDLE_LOADER)";
				WRAPPER_EXTENSION = octest;
			};
			name = Release;
		};
/* End XCBuildConfiguration section */

/* Begin XCConfigurationList section */
		D07B2DA41799B88B0042CE86 /* Build configuration list for PBXProject "tripify" */ = {
			isa = XCConfigurationList;
			buildConfigurations = (
				D07B2DD91799B88B0042CE86 /* Debug */,
				D07B2DDA1799B88B0042CE86 /* Release */,
			);
			defaultConfigurationIsVisible = 0;
			defaultConfigurationName = Release;
		};
		D07B2DDB1799B88B0042CE86 /* Build configuration list for PBXNativeTarget "tripify" */ = {
			isa = XCConfigurationList;
			buildConfigurations = (
				D07B2DDC1799B88B0042CE86 /* Debug */,
				D07B2DDD1799B88B0042CE86 /* Release */,
			);
			defaultConfigurationIsVisible = 0;
			defaultConfigurationName = Release;
		};
		D07B2DDE1799B88B0042CE86 /* Build configuration list for PBXNativeTarget "tripifyTests" */ = {
			isa = XCConfigurationList;
			buildConfigurations = (
				D07B2DDF1799B88B0042CE86 /* Debug */,
				D07B2DE01799B88B0042CE86 /* Release */,
			);
			defaultConfigurationIsVisible = 0;
			defaultConfigurationName = Release;
		};
/* End XCConfigurationList section */
	};
	rootObject = D07B2DA11799B88B0042CE86 /* Project object */;
}
